
Microsoft Visual Studio Solution File, Format Version 12.00
# Visual Studio Version 17
VisualStudioVersion = 17.8.34330.188
MinimumVisualStudioVersion = 10.0.40219.1
Project("{54A90642-561A-4BB1-A94E-469ADEE60C69}") = "TSAWebsite2324-angular", "TSAWebsite2324-angular\TSAWebsite2324-angular.esproj", "{0D7150E6-DBEF-4C5A-816E-33EF6000AABF}"
EndProject
Global
	GlobalSection(SolutionConfigurationPlatforms) = preSolution
		Debug|Any CPU = Debug|Any CPU
		Release|Any CPU = Release|Any CPU
	EndGlobalSection
	GlobalSection(ProjectConfigurationPlatforms) = postSolution
		{0D7150E6-DBEF-4C5A-816E-33EF6000AABF}.Debug|Any CPU.ActiveCfg = Debug|Any CPU
		{0D7150E6-DBEF-4C5A-816E-33EF6000AABF}.Debug|Any CPU.Build.0 = Debug|Any CPU
		{0D7150E6-DBEF-4C5A-816E-33EF6000AABF}.Debug|Any CPU.Deploy.0 = Debug|Any CPU
		{0D7150E6-DBEF-4C5A-816E-33EF6000AABF}.Release|Any CPU.ActiveCfg = Release|Any CPU
		{0D7150E6-DBEF-4C5A-816E-33EF6000AABF}.Release|Any CPU.Build.0 = Release|Any CPU
		{0D7150E6-DBEF-4C5A-816E-33EF6000AABF}.Release|Any CPU.Deploy.0 = Release|Any CPU
	EndGlobalSection
	GlobalSection(SolutionProperties) = preSolution
		HideSolutionNode = FALSE
	EndGlobalSection
	GlobalSection(ExtensibilityGlobals) = postSolution
		SolutionGuid = {64115C61-8B1C-49CF-AE5B-F9BA0FAB0CF1}
	EndGlobalSection
EndGlobal
